{
    "_readme": [
        "This file locks the dependencies of your project to a known state",
        "Read more about it at https://getcomposer.org/doc/01-basic-usage.md#installing-dependencies",
        "This file is @generated automatically"
    ],
    "content-hash": "67ecc388acb1348a589067a92f8a3208",
    "packages": [
        {
            "name": "phx/atom",
            "version": "dev-main",
            "source": {
                "type": "git",
                "url": "https://github.com/peverelli-andrea/phx-atoms.git",
                "reference": "d25fbf9ef5ca2b6aa5f221d4af4f56769cbbd66f"
            },
            "dist": {
                "type": "zip",
                "url": "https://api.github.com/repos/peverelli-andrea/phx-atoms/zipball/d25fbf9ef5ca2b6aa5f221d4af4f56769cbbd66f",
                "reference": "d25fbf9ef5ca2b6aa5f221d4af4f56769cbbd66f",
                "shasum": ""
            },
            "require": {
                "phx/core": "dev-main#875577f168e570dc4d06f507603517f9f46708e3"
            },
            "default-branch": true,
            "type": "library",
            "autoload": {
                "psr-4": {
                    "Phx\\Atom\\": "src/"
                }
            },
            "notification-url": "https://packagist.org/downloads/",
            "license": [
                "GPL-3.0"
            ],
            "authors": [
                {
                    "name": "Peverelli Andrea",
                    "email": "ndrpeverelli@gmail.com"
                }
            ],
            "description": "Atoms component pack for PHX",
            "support": {
                "issues": "https://github.com/peverelli-andrea/phx-atoms/issues",
                "source": "https://github.com/peverelli-andrea/phx-atoms/tree/main"
            },
            "time": "2025-11-05T00:02:11+00:00"
        },
        {
            "name": "phx/core",
            "version": "dev-main",
            "source": {
                "type": "git",
                "url": "https://github.com/peverelli-andrea/phx-core.git",
                "reference": "875577f168e570dc4d06f507603517f9f46708e3"
            },
            "dist": {
                "type": "zip",
                "url": "https://api.github.com/repos/peverelli-andrea/phx-core/zipball/875577f168e570dc4d06f507603517f9f46708e3",
                "reference": "875577f168e570dc4d06f507603517f9f46708e3",
                "shasum": ""
            },
            "default-branch": true,
            "type": "framework",
            "autoload": {
                "psr-4": {
                    "Phx\\Core\\": "src/"
                }
            },
            "notification-url": "https://packagist.org/downloads/",
            "license": [
                "GPL-3.0"
            ],
            "authors": [
                {
                    "name": "Peverelli Andrea",
                    "email": "ndrpeverelli@gmail.com"
                }
            ],
            "description": "A frontend UI framework for PHP",
            "support": {
                "issues": "https://github.com/peverelli-andrea/phx-core/issues",
                "source": "https://github.com/peverelli-andrea/phx-core/tree/main"
            },
            "time": "2025-11-05T00:01:08+00:00"
        }
    ],
    "packages-dev": [],
    "aliases": [],
    "minimum-stability": "dev",
    "stability-flags": {
        "phx/atom": 20
    },
    "prefer-stable": false,
    "prefer-lowest": false,
    "platform": {},
    "platform-dev": {},
    "plugin-api-version": "2.6.0"
}
