{
    "_readme": [
        "This file locks the dependencies of your project to a known state",
        "Read more about it at https://getcomposer.org/doc/01-basic-usage.md#installing-dependencies",
        "This file is @generated automatically"
    ],
    "content-hash": "8ed92c31ebf030ddcbcb489f6a5485ae",
    "packages": [
        {
            "name": "phx/atom",
            "version": "dev-main",
            "source": {
                "type": "git",
                "url": "https://github.com/peverelli-andrea/phx-atoms.git",
                "reference": "7fb0f0659e7e806d223d669cd22e106cd07d341d"
            },
            "dist": {
                "type": "zip",
                "url": "https://api.github.com/repos/peverelli-andrea/phx-atoms/zipball/7fb0f0659e7e806d223d669cd22e106cd07d341d",
                "reference": "7fb0f0659e7e806d223d669cd22e106cd07d341d",
                "shasum": ""
            },
            "require": {
                "phx/core": "dev-main#a940d0ff7fcd1558f7d12d4754b11eea37d9fc45"
            },
            "default-branch": true,
            "type": "library",
            "autoload": {
                "psr-4": {
                    "Phx\\Atom\\": "src/"
                }
            },
            "notification-url": "https://packagist.org/downloads/",
            "license": [
                "GPL-3.0"
            ],
            "authors": [
                {
                    "name": "Peverelli Andrea",
                    "email": "ndrpeverelli@gmail.com"
                }
            ],
            "description": "Atoms component pack for PHX",
            "support": {
                "issues": "https://github.com/peverelli-andrea/phx-atoms/issues",
                "source": "https://github.com/peverelli-andrea/phx-atoms/tree/main"
            },
            "time": "2025-11-24T17:55:40+00:00"
        },
        {
            "name": "phx/core",
            "version": "dev-main",
            "source": {
                "type": "git",
                "url": "https://github.com/peverelli-andrea/phx-core.git",
                "reference": "a940d0ff7fcd1558f7d12d4754b11eea37d9fc45"
            },
            "dist": {
                "type": "zip",
                "url": "https://api.github.com/repos/peverelli-andrea/phx-core/zipball/a940d0ff7fcd1558f7d12d4754b11eea37d9fc45",
                "reference": "a940d0ff7fcd1558f7d12d4754b11eea37d9fc45",
                "shasum": ""
            },
            "default-branch": true,
            "type": "framework",
            "autoload": {
                "psr-4": {
                    "Phx\\Core\\": "src/"
                }
            },
            "notification-url": "https://packagist.org/downloads/",
            "license": [
                "GPL-3.0"
            ],
            "authors": [
                {
                    "name": "Peverelli Andrea",
                    "email": "ndrpeverelli@gmail.com"
                }
            ],
            "description": "A frontend UI framework for PHP",
            "support": {
                "issues": "https://github.com/peverelli-andrea/phx-core/issues",
                "source": "https://github.com/peverelli-andrea/phx-core/tree/main"
            },
            "time": "2025-11-24T17:53:28+00:00"
        }
    ],
    "packages-dev": [],
    "aliases": [],
    "minimum-stability": "dev",
    "stability-flags": {
        "phx/atom": 20
    },
    "prefer-stable": false,
    "prefer-lowest": false,
    "platform": {},
    "platform-dev": {},
    "plugin-api-version": "2.6.0"
}
